{
    "pins": [
        {
            "identity": "swift-package-catalog",
            "kind": "remoteSourceControl",
            "location": "https://github.com/kelvin13/swift-package-catalog",
            "state": {
                "revision": "d2c6919e9735097f8f54e718d456875c1f4ccd6e",
                "version": "0.2.1"
            }
        },
        {
            "identity": "swift-syntax",
            "kind": "remoteSourceControl",
            "location": "https://github.com/apple/swift-syntax",
            "state": {
                "branch": "swift-DEVELOPMENT-SNAPSHOT-2022-03-13-a",
                "revision": "e22754fbe767bfb290199573309689acb24297ef"
            }
        }
    ],
    "version": 2
}