{
    "pins": [
        {
            "identity": "swift-metrics",
            "kind": "remoteSourceControl",
            "location": "https://github.com/apple/swift-metrics",
            "state": {
                "revision": "1c1408bf8fc21be93713e897d2badf500ea38419",
                "version": "2.3.1"
            }
        },
        {
            "identity": "swift-package-catalog",
            "kind": "remoteSourceControl",
            "location": "https://github.com/kelvin13/swift-package-catalog",
            "state": {
                "revision": "0952006573edb8153b12f51c014b5fd94a37b8fc",
                "version": "0.2.1"
            }
        }
    ],
    "version": 2
}