{
    "pins": [
        {
            "identity": "swift-package-catalog",
            "kind": "remoteSourceControl",
            "location": "https://github.com/kelvin13/swift-package-catalog",
            "state": {
                "revision": "47986a92f21e552f9973ab2d2303578ba9ccd7c8",
                "version": "0.3.0"
            }
        },
        {
            "identity": "swift-system",
            "kind": "remoteSourceControl",
            "location": "https://github.com/apple/swift-system",
            "state": {
                "revision": "94fa6bd2ff28d04b01ae4147c26a111c2a8ba25f",
                "version": "1.2.0"
            }
        }
    ],
    "version": 2
}