{
    "pins": [
        {
            "identity": "swift-grammar",
            "kind": "remoteSourceControl",
            "location": "https://github.com/kelvin13/swift-grammar",
            "state": {
                "revision": "272964fcecfff8b4181251bc9ff8bf76ecacbf57",
                "version": "0.1.5"
            }
        },
        {
            "identity": "swift-json",
            "kind": "remoteSourceControl",
            "location": "https://github.com/kelvin13/swift-json",
            "state": {
                "revision": "a7e049b77252adac112bd61f8e734a311cdf6c34",
                "version": "0.3.0"
            }
        },
        {
            "identity": "swift-package-catalog",
            "kind": "remoteSourceControl",
            "location": "https://github.com/kelvin13/swift-package-catalog",
            "state": {
                "revision": "6e71dba093cf72a8a697309401ef5be52d42ddf3",
                "version": "0.4.0"
            }
        }
    ],
    "version": 2
}