{
    "pins": [
        {
            "identity": "swift-grammar",
            "kind": "remoteSourceControl",
            "location": "https://github.com/kelvin13/swift-grammar",
            "state": {
                "revision": "272964fcecfff8b4181251bc9ff8bf76ecacbf57",
                "version": "0.1.5"
            }
        },
        {
            "identity": "swift-json",
            "kind": "remoteSourceControl",
            "location": "https://github.com/kelvin13/swift-json",
            "state": {
                "revision": "d4efcd044643984847497a93aae424239b997474",
                "version": "0.3.0"
            }
        },
        {
            "identity": "swift-package-catalog",
            "kind": "remoteSourceControl",
            "location": "https://github.com/kelvin13/swift-package-catalog",
            "state": {
                "revision": "0952006573edb8153b12f51c014b5fd94a37b8fc",
                "version": "0.2.1"
            }
        }
    ],
    "version": 2
}