{
    "pins": [
        {
            "identity": "swift-package-catalog",
            "kind": "remoteSourceControl",
            "location": "https://github.com/kelvin13/swift-package-catalog",
            "state": {
                "revision": "d2c6919e9735097f8f54e718d456875c1f4ccd6e",
                "version": "0.2.1"
            }
        },
        {
            "identity": "swift-system",
            "kind": "remoteSourceControl",
            "location": "https://github.com/apple/swift-system",
            "state": {
                "revision": "5703dc2b4da22c716e7f42a790de92c5a8b4d203",
                "version": "1.1.0"
            }
        }
    ],
    "version": 2
}