{
    "pins": [
        {
            "identity": "swift-package-catalog",
            "kind": "remoteSourceControl",
            "location": "https://github.com/kelvin13/swift-package-catalog",
            "state": {
                "revision": "6e71dba093cf72a8a697309401ef5be52d42ddf3",
                "version": "0.4.0"
            }
        },
        {
            "identity": "swift-system",
            "kind": "remoteSourceControl",
            "location": "https://github.com/apple/swift-system",
            "state": {
                "revision": "5703dc2b4da22c716e7f42a790de92c5a8b4d203",
                "version": "1.1.0"
            }
        }
    ],
    "version": 2
}