{
    "pins": [
        {
            "identity": "swift-nio",
            "kind": "remoteSourceControl",
            "location": "https://github.com/apple/swift-nio",
            "state": {
                "revision": "154f1d32366449dcccf6375a173adf4ed2a74429",
                "version": "2.38.0"
            }
        },
        {
            "identity": "swift-package-catalog",
            "kind": "remoteSourceControl",
            "location": "https://github.com/kelvin13/swift-package-catalog",
            "state": {
                "revision": "47986a92f21e552f9973ab2d2303578ba9ccd7c8",
                "version": "0.3.0"
            }
        }
    ],
    "version": 2
}