{
    "pins": [
        {
            "identity": "swift-log",
            "kind": "remoteSourceControl",
            "location": "https://github.com/apple/swift-log",
            "state": {
                "revision": "5d66f7ba25daf4f94100e7022febf3c75e37a6c7",
                "version": "1.4.2"
            }
        },
        {
            "identity": "swift-package-catalog",
            "kind": "remoteSourceControl",
            "location": "https://github.com/kelvin13/swift-package-catalog",
            "state": {
                "revision": "0952006573edb8153b12f51c014b5fd94a37b8fc",
                "version": "0.2.1"
            }
        }
    ],
    "version": 2
}