{
    "pins": [
        {
            "identity": "swift-log",
            "kind": "remoteSourceControl",
            "location": "https://github.com/apple/swift-log",
            "state": {
                "revision": "5d66f7ba25daf4f94100e7022febf3c75e37a6c7",
                "version": "1.4.2"
            }
        },
        {
            "identity": "swift-package-catalog",
            "kind": "remoteSourceControl",
            "location": "https://github.com/kelvin13/swift-package-catalog",
            "state": {
                "revision": "d2c6919e9735097f8f54e718d456875c1f4ccd6e",
                "version": "0.2.1"
            }
        }
    ],
    "version": 2
}