{
    "pins": [
        {
            "identity": "swift-log",
            "kind": "remoteSourceControl",
            "location": "https://github.com/apple/swift-log",
            "state": {
                "revision": "5d66f7ba25daf4f94100e7022febf3c75e37a6c7",
                "version": "1.4.2"
            }
        },
        {
            "identity": "swift-package-catalog",
            "kind": "remoteSourceControl",
            "location": "https://github.com/kelvin13/swift-package-catalog",
            "state": {
                "revision": "47986a92f21e552f9973ab2d2303578ba9ccd7c8",
                "version": "0.3.0"
            }
        }
    ],
    "version": 2
}