{
    "pins": [
        {
            "identity": "niodns",
            "kind": "remoteSourceControl",
            "location": "https://github.com/orlandos-nl/niodns",
            "state": {
                "revision": "71cfedd3310d59b7d19e290176dd2a1a605a4252",
                "version": "2.0.7"
            }
        },
        {
            "identity": "swift-nio",
            "kind": "remoteSourceControl",
            "location": "https://github.com/apple/swift-nio.git",
            "state": {
                "revision": "124119f0bb12384cef35aa041d7c3a686108722d",
                "version": "2.40.0"
            }
        },
        {
            "identity": "swift-package-catalog",
            "kind": "remoteSourceControl",
            "location": "https://github.com/kelvin13/swift-package-catalog",
            "state": {
                "revision": "d2c6919e9735097f8f54e718d456875c1f4ccd6e",
                "version": "0.2.1"
            }
        }
    ],
    "version": 2
}