{
    "pins": [
        {
            "identity": "swift-package-catalog",
            "kind": "remoteSourceControl",
            "location": "https://github.com/kelvin13/swift-package-catalog",
            "state": {
                "revision": "0952006573edb8153b12f51c014b5fd94a37b8fc",
                "version": "0.2.1"
            }
        },
        {
            "identity": "swift-system",
            "kind": "remoteSourceControl",
            "location": "https://github.com/apple/swift-system",
            "state": {
                "revision": "836bc4557b74fe6d2660218d56e3ce96aff76574",
                "version": "1.1.1"
            }
        }
    ],
    "version": 2
}