{
    "pins": [
        {
            "identity": "swift-package-catalog",
            "kind": "remoteSourceControl",
            "location": "https://github.com/kelvin13/swift-package-catalog",
            "state": {
                "revision": "47986a92f21e552f9973ab2d2303578ba9ccd7c8",
                "version": "0.3.0"
            }
        },
        {
            "identity": "swift-system",
            "kind": "remoteSourceControl",
            "location": "https://github.com/apple/swift-system",
            "state": {
                "revision": "836bc4557b74fe6d2660218d56e3ce96aff76574",
                "version": "1.1.1"
            }
        }
    ],
    "version": 2
}