{
    "pins": [
        {
            "identity": "swift-cmark",
            "kind": "remoteSourceControl",
            "location": "https://github.com/apple/swift-cmark.git",
            "state": {
                "branch": "gfm",
                "revision": "476f7b4fcf12eba381b4aaed8987006fd8fcec9c"
            }
        },
        {
            "identity": "swift-markdown",
            "kind": "remoteSourceControl",
            "location": "https://github.com/apple/swift-markdown",
            "state": {
                "branch": "swift-DEVELOPMENT-SNAPSHOT-2022-06-20-a",
                "revision": "573e9a307799a2a683899bf1b702c308ef35660b"
            }
        },
        {
            "identity": "swift-package-catalog",
            "kind": "remoteSourceControl",
            "location": "https://github.com/kelvin13/swift-package-catalog",
            "state": {
                "revision": "6e71dba093cf72a8a697309401ef5be52d42ddf3",
                "version": "0.4.0"
            }
        }
    ],
    "version": 2
}