{
    "pins": [
        {
            "identity": "swift-grammar",
            "kind": "remoteSourceControl",
            "location": "https://github.com/kelvin13/swift-grammar",
            "state": {
                "revision": "d1834521e4a0d9d5344992b14013cef8c6abaf21",
                "version": "0.1.4"
            }
        },
        {
            "identity": "swift-package-catalog",
            "kind": "remoteSourceControl",
            "location": "https://github.com/kelvin13/swift-package-catalog",
            "state": {
                "revision": "d2c6919e9735097f8f54e718d456875c1f4ccd6e",
                "version": "0.2.1"
            }
        }
    ],
    "version": 2
}