{
    "pins": [
        {
            "identity": "swift-grammar",
            "kind": "remoteSourceControl",
            "location": "https://github.com/kelvin13/swift-grammar",
            "state": {
                "revision": "d1834521e4a0d9d5344992b14013cef8c6abaf21",
                "version": "0.1.4"
            }
        },
        {
            "identity": "swift-package-catalog",
            "kind": "remoteSourceControl",
            "location": "https://github.com/kelvin13/swift-package-catalog",
            "state": {
                "revision": "6e71dba093cf72a8a697309401ef5be52d42ddf3",
                "version": "0.4.0"
            }
        }
    ],
    "version": 2
}