{
    "pins": [
        {
            "identity": "bson",
            "kind": "remoteSourceControl",
            "location": "https://github.com/orlandos-nl/bson",
            "state": {
                "revision": "e5f3c18e89048961156f3cb3af7f662979a2d0a9",
                "version": "8.0.1"
            }
        },
        {
            "identity": "swift-nio",
            "kind": "remoteSourceControl",
            "location": "https://github.com/apple/swift-nio.git",
            "state": {
                "revision": "124119f0bb12384cef35aa041d7c3a686108722d",
                "version": "2.40.0"
            }
        },
        {
            "identity": "swift-package-catalog",
            "kind": "remoteSourceControl",
            "location": "https://github.com/kelvin13/swift-package-catalog",
            "state": {
                "revision": "47986a92f21e552f9973ab2d2303578ba9ccd7c8",
                "version": "0.3.0"
            }
        }
    ],
    "version": 2
}