{
    "pins": [
        {
            "identity": "swift-dom",
            "kind": "remoteSourceControl",
            "location": "https://github.com/kelvin13/swift-dom",
            "state": {
                "revision": "0a62acc4e73d37d09d997a6272041c6d97d67bc6",
                "version": "0.5.0"
            }
        },
        {
            "identity": "swift-package-catalog",
            "kind": "remoteSourceControl",
            "location": "https://github.com/kelvin13/swift-package-catalog",
            "state": {
                "revision": "6e71dba093cf72a8a697309401ef5be52d42ddf3",
                "version": "0.4.0"
            }
        }
    ],
    "version": 2
}