{
    "pins": [
        {
            "identity": "swift-nio",
            "kind": "remoteSourceControl",
            "location": "https://github.com/apple/swift-nio.git",
            "state": {
                "revision": "124119f0bb12384cef35aa041d7c3a686108722d",
                "version": "2.40.0"
            }
        },
        {
            "identity": "swift-nio-ssl",
            "kind": "remoteSourceControl",
            "location": "https://github.com/apple/swift-nio-ssl",
            "state": {
                "revision": "c30c680c78c99afdabf84805a83c8745387c4ac7",
                "version": "2.20.2"
            }
        },
        {
            "identity": "swift-package-catalog",
            "kind": "remoteSourceControl",
            "location": "https://github.com/kelvin13/swift-package-catalog",
            "state": {
                "revision": "d2c6919e9735097f8f54e718d456875c1f4ccd6e",
                "version": "0.2.1"
            }
        }
    ],
    "version": 2
}