{
    "pins": [
        {
            "identity": "swift-package-catalog",
            "kind": "remoteSourceControl",
            "location": "https://github.com/kelvin13/swift-package-catalog",
            "state": {
                "revision": "0952006573edb8153b12f51c014b5fd94a37b8fc",
                "version": "0.2.1"
            }
        },
        {
            "identity": "swift-syntax",
            "kind": "remoteSourceControl",
            "location": "https://github.com/apple/swift-syntax",
            "state": {
                "branch": "swift-DEVELOPMENT-SNAPSHOT-2022-06-20-a",
                "revision": "0772ed3b1213d695fde9b513c7ed80045509a931"
            }
        }
    ],
    "version": 2
}