{
    "pins": [
        {
            "identity": "swift-package-catalog",
            "kind": "remoteSourceControl",
            "location": "https://github.com/kelvin13/swift-package-catalog",
            "state": {
                "revision": "47986a92f21e552f9973ab2d2303578ba9ccd7c8",
                "version": "0.3.0"
            }
        },
        {
            "identity": "swift-syntax",
            "kind": "remoteSourceControl",
            "location": "https://github.com/apple/swift-syntax",
            "state": {
                "branch": "swift-DEVELOPMENT-SNAPSHOT-2022-06-20-a",
                "revision": "0772ed3b1213d695fde9b513c7ed80045509a931"
            }
        }
    ],
    "version": 2
}